Microsoft Visual Studio Solution File, Format Version 11.00
# Visual Studio 2008

Project("{A9B87A72-1B9D-8948-D8E7-71C5CD6DE595}") = "Chinese-Checkers", "Assembly-CSharp.csproj", "{A2DBAFC0-487A-C86C-F4B1-9666F2222FB1}"
EndProject
Global
	GlobalSection(SolutionConfigurationPlatforms) = preSolution
		Debug|Any CPU = Debug|Any CPU
		Release|Any CPU = Release|Any CPU
	EndGlobalSection
	GlobalSection(ProjectConfigurationPlatforms) = postSolution
		{A2DBAFC0-487A-C86C-F4B1-9666F2222FB1}.Debug|Any CPU.ActiveCfg = Debug|Any CPU
		{A2DBAFC0-487A-C86C-F4B1-9666F2222FB1}.Debug|Any CPU.Build.0 = Debug|Any CPU
		{A2DBAFC0-487A-C86C-F4B1-9666F2222FB1}.Release|Any CPU.ActiveCfg = Release|Any CPU
		{A2DBAFC0-487A-C86C-F4B1-9666F2222FB1}.Release|Any CPU.Build.0 = Release|Any CPU
	EndGlobalSection
	GlobalSection(SolutionProperties) = preSolution
		HideSolutionNode = FALSE
	EndGlobalSection
																									GlobalSection(MonoDevelopProperties) = preSolution
=======
																								GlobalSection(MonoDevelopProperties) = preSolution
>>>>>>> b7a4199ec26b2b7ed5c4bd26268e394eb133f2b3
		StartupItem = Assembly-CSharp.csproj
		Policies = $0
		$0.TextStylePolicy = $1
		$1.FileWidth = 120
		$1.TabsToSpaces = False
		$1.EolMarker = Unix
		$1.inheritsSet = VisualStudio
		$1.inheritsScope = text/plain
		$1.scope = text/x-csharp
		$0.CSharpFormattingPolicy = $2
		$2.IndentSwitchBody = True
		$2.IfElseBraceForcement = AddBraces
		$2.ForBraceForcement = AddBraces
		$2.ForEachBraceForcement = AddBraces
		$2.WhileBraceForcement = AddBraces
		$2.UsingBraceForcement = AddBraces
		$2.FixedBraceForcement = AddBraces
		$2.BeforeMethodDeclarationParentheses = False
		$2.BeforeMethodCallParentheses = False
		$2.BeforeConstructorDeclarationParentheses = False
		$2.BeforeDelegateDeclarationParentheses = False
		$2.NewParentheses = False
		$2.inheritsSet = Mono
		$2.inheritsScope = text/x-csharp
		$2.scope = text/x-csharp
		$0.TextStylePolicy = $3
		$3.FileWidth = 120
		$3.TabsToSpaces = False
		$3.EolMarker = Unix
		$3.inheritsSet = VisualStudio
		$3.inheritsScope = text/plain
		$3.scope = text/plain
	EndGlobalSection

EndGlobal
